
Microsoft Visual Studio Solution File, Format Version 12.00
# Visual Studio Version 17
VisualStudioVersion = 17.5.33530.505
MinimumVisualStudioVersion = 10.0.40219.1
Project("{9A19103F-16F7-4668-BE54-9A1E7A4F7556}") = "BlazorEcommerce.Server", "src\Presentation\Server\BlazorEcommerce.Server.csproj", "{7613CA03-4D97-4B25-B3BB-F4BC69CE55B0}"
EndProject
Project("{9A19103F-16F7-4668-BE54-9A1E7A4F7556}") = "BlazorEcommerce.Client", "src\Presentation\Client\BlazorEcommerce.Client.csproj", "{E07DB666-A548-4F24-8982-AD3162B837A6}"
EndProject
Project("{9A19103F-16F7-4668-BE54-9A1E7A4F7556}") = "BlazorEcommerce.Shared", "src\Presentation\Shared\BlazorEcommerce.Shared.csproj", "{D7D7C6D1-466B-4399-8C23-0613492A1B95}"
EndProject
Project("{2150E333-8FDC-42A3-9474-1A3956D46DE8}") = "Solution Items", "Solution Items", "{5199EEC8-F63C-4F04-BA06-0B1158165446}"
	ProjectSection(SolutionItems) = preProject
		README.md = README.md
	EndProjectSection
EndProject
Project("{2150E333-8FDC-42A3-9474-1A3956D46DE8}") = "src", "src", "{D4E07CBF-B53C-4F29-8ED2-C3FB69E0F8BA}"
EndProject
Project("{2150E333-8FDC-42A3-9474-1A3956D46DE8}") = "Presentation", "Presentation", "{48D9226E-A589-40CB-9635-0E06B6B80F74}"
EndProject
Project("{9A19103F-16F7-4668-BE54-9A1E7A4F7556}") = "BlazorEcommerce.Application", "src\BlazorEcommerce.Application\BlazorEcommerce.Application.csproj", "{435F943B-F6A4-4C57-8D9A-E63E6189417C}"
EndProject
Project("{9A19103F-16F7-4668-BE54-9A1E7A4F7556}") = "BlazorEcommerce.Domain", "src\BlazorEcommerce.Domain\BlazorEcommerce.Domain.csproj", "{E52FFE75-245E-47F1-9194-1992D22719A7}"
EndProject
Project("{9A19103F-16F7-4668-BE54-9A1E7A4F7556}") = "BlazorEcommerce.Infrastructure", "src\BlazorEcommerce.Infrastructure\BlazorEcommerce.Infrastructure.csproj", "{5727B27D-F385-452C-8DC5-E4B5D161B96E}"
EndProject
Project("{2150E333-8FDC-42A3-9474-1A3956D46DE8}") = "tests", "tests", "{16A32988-A7AB-41F3-AB30-A9A7D62AE52D}"
EndProject
Project("{9A19103F-16F7-4668-BE54-9A1E7A4F7556}") = "BlazorEcommerce.Domain.UnitTests", "tests\BlazorEcommerce.Domain.UnitTests\BlazorEcommerce.Domain.UnitTests.csproj", "{FB8CA09A-2425-475B-9DE2-A25B14D3A1AF}"
EndProject
Project("{9A19103F-16F7-4668-BE54-9A1E7A4F7556}") = "BlazorEcommerce.Application.UnitTests", "tests\BlazorEcommerce.Application.UnitTests\BlazorEcommerce.Application.UnitTests.csproj", "{621A5FB3-2E68-4022-B101-3382A2136FE2}"
EndProject
Project("{2150E333-8FDC-42A3-9474-1A3956D46DE8}") = "Core", "Core", "{F9D53262-286E-4F2A-8824-2B1180804216}"
EndProject
Project("{2150E333-8FDC-42A3-9474-1A3956D46DE8}") = "Infrastructure", "Infrastructure", "{96018055-6BFE-4484-B542-ADEE678FF108}"
EndProject
Project("{9A19103F-16F7-4668-BE54-9A1E7A4F7556}") = "BlazorEcommerce.Identity", "src\BlazorEcommerce.Identity\BlazorEcommerce.Identity.csproj", "{6570637C-DD4E-4FC5-A11F-322E0BB89955}"
EndProject
Project("{9A19103F-16F7-4668-BE54-9A1E7A4F7556}") = "BlazorEcommerce.Persistence", "src\BlazorEcommerce.Persistence\BlazorEcommerce.Persistence.csproj", "{0CB94D8E-F24D-49AB-AE12-D8BB27841CC1}"
EndProject
Global
	GlobalSection(SolutionConfigurationPlatforms) = preSolution
		Debug|Any CPU = Debug|Any CPU
		Release|Any CPU = Release|Any CPU
	EndGlobalSection
	GlobalSection(ProjectConfigurationPlatforms) = postSolution
		{7613CA03-4D97-4B25-B3BB-F4BC69CE55B0}.Debug|Any CPU.ActiveCfg = Debug|Any CPU
		{7613CA03-4D97-4B25-B3BB-F4BC69CE55B0}.Debug|Any CPU.Build.0 = Debug|Any CPU
		{7613CA03-4D97-4B25-B3BB-F4BC69CE55B0}.Release|Any CPU.ActiveCfg = Release|Any CPU
		{7613CA03-4D97-4B25-B3BB-F4BC69CE55B0}.Release|Any CPU.Build.0 = Release|Any CPU
		{E07DB666-A548-4F24-8982-AD3162B837A6}.Debug|Any CPU.ActiveCfg = Debug|Any CPU
		{E07DB666-A548-4F24-8982-AD3162B837A6}.Debug|Any CPU.Build.0 = Debug|Any CPU
		{E07DB666-A548-4F24-8982-AD3162B837A6}.Release|Any CPU.ActiveCfg = Release|Any CPU
		{E07DB666-A548-4F24-8982-AD3162B837A6}.Release|Any CPU.Build.0 = Release|Any CPU
		{D7D7C6D1-466B-4399-8C23-0613492A1B95}.Debug|Any CPU.ActiveCfg = Debug|Any CPU
		{D7D7C6D1-466B-4399-8C23-0613492A1B95}.Debug|Any CPU.Build.0 = Debug|Any CPU
		{D7D7C6D1-466B-4399-8C23-0613492A1B95}.Release|Any CPU.ActiveCfg = Release|Any CPU
		{D7D7C6D1-466B-4399-8C23-0613492A1B95}.Release|Any CPU.Build.0 = Release|Any CPU
		{435F943B-F6A4-4C57-8D9A-E63E6189417C}.Debug|Any CPU.ActiveCfg = Debug|Any CPU
		{435F943B-F6A4-4C57-8D9A-E63E6189417C}.Debug|Any CPU.Build.0 = Debug|Any CPU
		{435F943B-F6A4-4C57-8D9A-E63E6189417C}.Release|Any CPU.ActiveCfg = Release|Any CPU
		{435F943B-F6A4-4C57-8D9A-E63E6189417C}.Release|Any CPU.Build.0 = Release|Any CPU
		{E52FFE75-245E-47F1-9194-1992D22719A7}.Debug|Any CPU.ActiveCfg = Debug|Any CPU
		{E52FFE75-245E-47F1-9194-1992D22719A7}.Debug|Any CPU.Build.0 = Debug|Any CPU
		{E52FFE75-245E-47F1-9194-1992D22719A7}.Release|Any CPU.ActiveCfg = Release|Any CPU
		{E52FFE75-245E-47F1-9194-1992D22719A7}.Release|Any CPU.Build.0 = Release|Any CPU
		{5727B27D-F385-452C-8DC5-E4B5D161B96E}.Debug|Any CPU.ActiveCfg = Debug|Any CPU
		{5727B27D-F385-452C-8DC5-E4B5D161B96E}.Debug|Any CPU.Build.0 = Debug|Any CPU
		{5727B27D-F385-452C-8DC5-E4B5D161B96E}.Release|Any CPU.ActiveCfg = Release|Any CPU
		{5727B27D-F385-452C-8DC5-E4B5D161B96E}.Release|Any CPU.Build.0 = Release|Any CPU
		{FB8CA09A-2425-475B-9DE2-A25B14D3A1AF}.Debug|Any CPU.ActiveCfg = Debug|Any CPU
		{FB8CA09A-2425-475B-9DE2-A25B14D3A1AF}.Debug|Any CPU.Build.0 = Debug|Any CPU
		{FB8CA09A-2425-475B-9DE2-A25B14D3A1AF}.Release|Any CPU.ActiveCfg = Release|Any CPU
		{FB8CA09A-2425-475B-9DE2-A25B14D3A1AF}.Release|Any CPU.Build.0 = Release|Any CPU
		{621A5FB3-2E68-4022-B101-3382A2136FE2}.Debug|Any CPU.ActiveCfg = Debug|Any CPU
		{621A5FB3-2E68-4022-B101-3382A2136FE2}.Debug|Any CPU.Build.0 = Debug|Any CPU
		{621A5FB3-2E68-4022-B101-3382A2136FE2}.Release|Any CPU.ActiveCfg = Release|Any CPU
		{621A5FB3-2E68-4022-B101-3382A2136FE2}.Release|Any CPU.Build.0 = Release|Any CPU
		{6570637C-DD4E-4FC5-A11F-322E0BB89955}.Debug|Any CPU.ActiveCfg = Debug|Any CPU
		{6570637C-DD4E-4FC5-A11F-322E0BB89955}.Debug|Any CPU.Build.0 = Debug|Any CPU
		{6570637C-DD4E-4FC5-A11F-322E0BB89955}.Release|Any CPU.ActiveCfg = Release|Any CPU
		{6570637C-DD4E-4FC5-A11F-322E0BB89955}.Release|Any CPU.Build.0 = Release|Any CPU
		{0CB94D8E-F24D-49AB-AE12-D8BB27841CC1}.Debug|Any CPU.ActiveCfg = Debug|Any CPU
		{0CB94D8E-F24D-49AB-AE12-D8BB27841CC1}.Debug|Any CPU.Build.0 = Debug|Any CPU
		{0CB94D8E-F24D-49AB-AE12-D8BB27841CC1}.Release|Any CPU.ActiveCfg = Release|Any CPU
		{0CB94D8E-F24D-49AB-AE12-D8BB27841CC1}.Release|Any CPU.Build.0 = Release|Any CPU
	EndGlobalSection
	GlobalSection(SolutionProperties) = preSolution
		HideSolutionNode = FALSE
	EndGlobalSection
	GlobalSection(NestedProjects) = preSolution
		{7613CA03-4D97-4B25-B3BB-F4BC69CE55B0} = {48D9226E-A589-40CB-9635-0E06B6B80F74}
		{E07DB666-A548-4F24-8982-AD3162B837A6} = {48D9226E-A589-40CB-9635-0E06B6B80F74}
		{D7D7C6D1-466B-4399-8C23-0613492A1B95} = {48D9226E-A589-40CB-9635-0E06B6B80F74}
		{48D9226E-A589-40CB-9635-0E06B6B80F74} = {D4E07CBF-B53C-4F29-8ED2-C3FB69E0F8BA}
		{435F943B-F6A4-4C57-8D9A-E63E6189417C} = {F9D53262-286E-4F2A-8824-2B1180804216}
		{E52FFE75-245E-47F1-9194-1992D22719A7} = {F9D53262-286E-4F2A-8824-2B1180804216}
		{5727B27D-F385-452C-8DC5-E4B5D161B96E} = {96018055-6BFE-4484-B542-ADEE678FF108}
		{FB8CA09A-2425-475B-9DE2-A25B14D3A1AF} = {16A32988-A7AB-41F3-AB30-A9A7D62AE52D}
		{621A5FB3-2E68-4022-B101-3382A2136FE2} = {16A32988-A7AB-41F3-AB30-A9A7D62AE52D}
		{F9D53262-286E-4F2A-8824-2B1180804216} = {D4E07CBF-B53C-4F29-8ED2-C3FB69E0F8BA}
		{96018055-6BFE-4484-B542-ADEE678FF108} = {D4E07CBF-B53C-4F29-8ED2-C3FB69E0F8BA}
		{6570637C-DD4E-4FC5-A11F-322E0BB89955} = {96018055-6BFE-4484-B542-ADEE678FF108}
		{0CB94D8E-F24D-49AB-AE12-D8BB27841CC1} = {96018055-6BFE-4484-B542-ADEE678FF108}
	EndGlobalSection
	GlobalSection(ExtensibilityGlobals) = postSolution
		SolutionGuid = {22ED2667-CAA9-44A7-8FE7-7EDB41DE010F}
	EndGlobalSection
EndGlobal
